{
  "name": "lunr-search",
  "version": "1.0.0",
  "lockfileVersion": 1,
  "requires": true,
  "dependencies": {
    "hybrids": {
      "version": "4.0.2",
      "resolved": "https://registry.npmjs.org/hybrids/-/hybrids-4.0.2.tgz",
      "integrity": "sha512-MbP5a5PkoKyloMIeOloQvEBXYovQBZulUfgsWuNPz5VP9jTfoVnxF2Vnh0YodhufK9conbeJgOoHV4nts1Bj6g=="
    },
    "lunr": {
      "version": "2.3.6",
      "resolved": "https://registry.npmjs.org/lunr/-/lunr-2.3.6.tgz",
      "integrity": "sha512-swStvEyDqQ85MGpABCMBclZcLI/pBIlu8FFDtmX197+oEgKloJ67QnB+Tidh0340HmLMs39c4GrkPY3cmkXp6Q=="
    }
  }
}
